
Microsoft Visual Studio Solution File, Format Version 12.00
# Visual Studio 15
VisualStudioVersion = 15.0.27428.2037
MinimumVisualStudioVersion = 10.0.40219.1
Project("{FAE04EC0-301F-11D3-BF4B-00C04F79EFBC}") = "MVC_LoggingExcepion_with_ExceptionFilter", "MVC_LoggingExcepion_with_ExceptionFilter\MVC_LoggingExcepion_with_ExceptionFilter.csproj", "{71136A33-8CF0-472F-B7A1-4751AA92666E}"
EndProject
Global
	GlobalSection(SolutionConfigurationPlatforms) = preSolution
		Debug|Any CPU = Debug|Any CPU
		Release|Any CPU = Release|Any CPU
	EndGlobalSection
	GlobalSection(ProjectConfigurationPlatforms) = postSolution
		{71136A33-8CF0-472F-B7A1-4751AA92666E}.Debug|Any CPU.ActiveCfg = Debug|Any CPU
		{71136A33-8CF0-472F-B7A1-4751AA92666E}.Debug|Any CPU.Build.0 = Debug|Any CPU
		{71136A33-8CF0-472F-B7A1-4751AA92666E}.Release|Any CPU.ActiveCfg = Release|Any CPU
		{71136A33-8CF0-472F-B7A1-4751AA92666E}.Release|Any CPU.Build.0 = Release|Any CPU
	EndGlobalSection
	GlobalSection(SolutionProperties) = preSolution
		HideSolutionNode = FALSE
	EndGlobalSection
	GlobalSection(ExtensibilityGlobals) = postSolution
		SolutionGuid = {B5A77549-19A8-4C5B-8D29-682512977914}
	EndGlobalSection
EndGlobal
